
Microsoft Visual Studio Solution File, Format Version 12.00
# Visual Studio Version 17
VisualStudioVersion = 17.12.35514.174
MinimumVisualStudioVersion = 10.0.40219.1
Project("{FAE04EC0-301F-11D3-BF4B-00C04F79EFBC}") = "aoc-2024-csharp", "aoc-2024-csharp\aoc-2024-csharp.csproj", "{42CBF3E7-527D-478C-80CE-2DD9B1ECB7E8}"
EndProject
Project("{FAE04EC0-301F-11D3-BF4B-00C04F79EFBC}") = "Day01", "Day01\Day01.csproj", "{1C19C089-9479-47A2-94A9-50993B883F03}"
EndProject
Project("{FAE04EC0-301F-11D3-BF4B-00C04F79EFBC}") = "Day02", "Day02\Day02.csproj", "{C966B728-4373-4145-9675-0ADAEA1A8E85}"
EndProject
Project("{FAE04EC0-301F-11D3-BF4B-00C04F79EFBC}") = "Day03", "Day03\Day03.csproj", "{924ECF38-DB4E-4B81-97A0-CDFD550B7BB7}"
EndProject
Project("{FAE04EC0-301F-11D3-BF4B-00C04F79EFBC}") = "Day04", "Day04\Day04.csproj", "{28B79CE3-0B73-432F-8E48-B03DEB7ADF51}"
EndProject
Project("{FAE04EC0-301F-11D3-BF4B-00C04F79EFBC}") = "Day04Tests", "Day04Tests\Day04Tests.csproj", "{9301AA7C-D522-4FF1-9B0B-050555D4E453}"
EndProject
Project("{FAE04EC0-301F-11D3-BF4B-00C04F79EFBC}") = "Day05", "Day05\Day05.csproj", "{F637010A-52C6-4C7A-B175-BF818EB979C9}"
EndProject
Project("{FAE04EC0-301F-11D3-BF4B-00C04F79EFBC}") = "Day06", "Day06\Day06.csproj", "{07013FAB-4CAB-4A8A-910D-F0E1271678F4}"
EndProject
Global
	GlobalSection(SolutionConfigurationPlatforms) = preSolution
		Debug|Any CPU = Debug|Any CPU
		Release|Any CPU = Release|Any CPU
	EndGlobalSection
	GlobalSection(ProjectConfigurationPlatforms) = postSolution
		{42CBF3E7-527D-478C-80CE-2DD9B1ECB7E8}.Debug|Any CPU.ActiveCfg = Debug|Any CPU
		{42CBF3E7-527D-478C-80CE-2DD9B1ECB7E8}.Debug|Any CPU.Build.0 = Debug|Any CPU
		{42CBF3E7-527D-478C-80CE-2DD9B1ECB7E8}.Release|Any CPU.ActiveCfg = Release|Any CPU
		{42CBF3E7-527D-478C-80CE-2DD9B1ECB7E8}.Release|Any CPU.Build.0 = Release|Any CPU
		{1C19C089-9479-47A2-94A9-50993B883F03}.Debug|Any CPU.ActiveCfg = Debug|Any CPU
		{1C19C089-9479-47A2-94A9-50993B883F03}.Debug|Any CPU.Build.0 = Debug|Any CPU
		{1C19C089-9479-47A2-94A9-50993B883F03}.Release|Any CPU.ActiveCfg = Release|Any CPU
		{1C19C089-9479-47A2-94A9-50993B883F03}.Release|Any CPU.Build.0 = Release|Any CPU
		{C966B728-4373-4145-9675-0ADAEA1A8E85}.Debug|Any CPU.ActiveCfg = Debug|Any CPU
		{C966B728-4373-4145-9675-0ADAEA1A8E85}.Debug|Any CPU.Build.0 = Debug|Any CPU
		{C966B728-4373-4145-9675-0ADAEA1A8E85}.Release|Any CPU.ActiveCfg = Release|Any CPU
		{C966B728-4373-4145-9675-0ADAEA1A8E85}.Release|Any CPU.Build.0 = Release|Any CPU
		{924ECF38-DB4E-4B81-97A0-CDFD550B7BB7}.Debug|Any CPU.ActiveCfg = Debug|Any CPU
		{924ECF38-DB4E-4B81-97A0-CDFD550B7BB7}.Debug|Any CPU.Build.0 = Debug|Any CPU
		{924ECF38-DB4E-4B81-97A0-CDFD550B7BB7}.Release|Any CPU.ActiveCfg = Release|Any CPU
		{924ECF38-DB4E-4B81-97A0-CDFD550B7BB7}.Release|Any CPU.Build.0 = Release|Any CPU
		{28B79CE3-0B73-432F-8E48-B03DEB7ADF51}.Debug|Any CPU.ActiveCfg = Debug|Any CPU
		{28B79CE3-0B73-432F-8E48-B03DEB7ADF51}.Debug|Any CPU.Build.0 = Debug|Any CPU
		{28B79CE3-0B73-432F-8E48-B03DEB7ADF51}.Release|Any CPU.ActiveCfg = Release|Any CPU
		{28B79CE3-0B73-432F-8E48-B03DEB7ADF51}.Release|Any CPU.Build.0 = Release|Any CPU
		{9301AA7C-D522-4FF1-9B0B-050555D4E453}.Debug|Any CPU.ActiveCfg = Debug|Any CPU
		{9301AA7C-D522-4FF1-9B0B-050555D4E453}.Debug|Any CPU.Build.0 = Debug|Any CPU
		{9301AA7C-D522-4FF1-9B0B-050555D4E453}.Release|Any CPU.ActiveCfg = Release|Any CPU
		{9301AA7C-D522-4FF1-9B0B-050555D4E453}.Release|Any CPU.Build.0 = Release|Any CPU
		{F637010A-52C6-4C7A-B175-BF818EB979C9}.Debug|Any CPU.ActiveCfg = Debug|Any CPU
		{F637010A-52C6-4C7A-B175-BF818EB979C9}.Debug|Any CPU.Build.0 = Debug|Any CPU
		{F637010A-52C6-4C7A-B175-BF818EB979C9}.Release|Any CPU.ActiveCfg = Release|Any CPU
		{F637010A-52C6-4C7A-B175-BF818EB979C9}.Release|Any CPU.Build.0 = Release|Any CPU
		{07013FAB-4CAB-4A8A-910D-F0E1271678F4}.Debug|Any CPU.ActiveCfg = Debug|Any CPU
		{07013FAB-4CAB-4A8A-910D-F0E1271678F4}.Debug|Any CPU.Build.0 = Debug|Any CPU
		{07013FAB-4CAB-4A8A-910D-F0E1271678F4}.Release|Any CPU.ActiveCfg = Release|Any CPU
		{07013FAB-4CAB-4A8A-910D-F0E1271678F4}.Release|Any CPU.Build.0 = Release|Any CPU
	EndGlobalSection
	GlobalSection(SolutionProperties) = preSolution
		HideSolutionNode = FALSE
	EndGlobalSection
EndGlobal
